
Microsoft Visual Studio Solution File, Format Version 12.00
# Visual Studio 15
VisualStudioVersion = 15.0.26730.16
MinimumVisualStudioVersion = 10.0.40219.1
Project("{FAE04EC0-301F-11D3-BF4B-00C04F79EFBC}") = "AutomatingArtForm", "AutomatingArtForm\AutomatingArtForm.csproj", "{6FCBB4AC-DD14-4B3E-B049-14208E4A9BBB}"
EndProject
Project("{FAE04EC0-301F-11D3-BF4B-00C04F79EFBC}") = "VisualMagic", "VisualMagic\VisualMagic.csproj", "{2314B1B7-850F-4A1B-BF38-D75EFFE08BC5}"
EndProject
Global
	GlobalSection(SolutionConfigurationPlatforms) = preSolution
		Debug|Any CPU = Debug|Any CPU
		Release|Any CPU = Release|Any CPU
	EndGlobalSection
	GlobalSection(ProjectConfigurationPlatforms) = postSolution
		{6FCBB4AC-DD14-4B3E-B049-14208E4A9BBB}.Debug|Any CPU.ActiveCfg = Debug|Any CPU
		{6FCBB4AC-DD14-4B3E-B049-14208E4A9BBB}.Debug|Any CPU.Build.0 = Debug|Any CPU
		{6FCBB4AC-DD14-4B3E-B049-14208E4A9BBB}.Release|Any CPU.ActiveCfg = Release|Any CPU
		{6FCBB4AC-DD14-4B3E-B049-14208E4A9BBB}.Release|Any CPU.Build.0 = Release|Any CPU
		{2314B1B7-850F-4A1B-BF38-D75EFFE08BC5}.Debug|Any CPU.ActiveCfg = Debug|Any CPU
		{2314B1B7-850F-4A1B-BF38-D75EFFE08BC5}.Debug|Any CPU.Build.0 = Debug|Any CPU
		{2314B1B7-850F-4A1B-BF38-D75EFFE08BC5}.Release|Any CPU.ActiveCfg = Release|Any CPU
		{2314B1B7-850F-4A1B-BF38-D75EFFE08BC5}.Release|Any CPU.Build.0 = Release|Any CPU
	EndGlobalSection
	GlobalSection(SolutionProperties) = preSolution
		HideSolutionNode = FALSE
	EndGlobalSection
	GlobalSection(ExtensibilityGlobals) = postSolution
		SolutionGuid = {C2428872-FD68-44D3-B091-52D12162EC1B}
	EndGlobalSection
EndGlobal
